Microsoft Visual Studio Solution File, Format Version 7.00
Project("{FAE04EC0-301F-11D3-BF4B-00C04F79EFBC}") = "TPV", "TPV.csproj", "{75BFCDB0-C5E0-40D4-8725-53B795C785DC}"
EndProject
Global
	GlobalSection(SolutionConfiguration) = preSolution
		ConfigName.0 = Debug
		ConfigName.1 = Release
	EndGlobalSection
	GlobalSection(ProjectDependencies) = postSolution
	EndGlobalSection
	GlobalSection(ProjectConfiguration) = postSolution
		{75BFCDB0-C5E0-40D4-8725-53B795C785DC}.Debug.ActiveCfg = Debug|.NET
		{75BFCDB0-C5E0-40D4-8725-53B795C785DC}.Debug.Build.0 = Debug|.NET
		{75BFCDB0-C5E0-40D4-8725-53B795C785DC}.Release.ActiveCfg = Release|.NET
		{75BFCDB0-C5E0-40D4-8725-53B795C785DC}.Release.Build.0 = Release|.NET
	EndGlobalSection
	GlobalSection(ExtensibilityGlobals) = postSolution
	EndGlobalSection
	GlobalSection(ExtensibilityAddIns) = postSolution
	EndGlobalSection
EndGlobal
